github.com/giorgisio/goav v0.1.0 h1:ZyfG3NfX7PMSimv4ulhmnQJf/XeHpMdGCn+afRmY5Oc=
github.com/giorgisio/goav v0.1.0/go.mod h1:RtH8HyxLRLU1iY0pjfhWBKRhnbsnmfoI+FxMwb5bfEo=
github.com/gosuri/uilive v0.0.0-20170323041506-ac356e6e42cd/go.mod h1:qkLSc0A5EXSP6B04TrN4oQoxqFI7A8XvoXSlJi8cwk8=
github.com/gosuri/uiprogress v0.0.0-20170224063937-d0567a9d84a1/go.mod h1:C1RTYn4Sc7iEyf6j8ft5dyoZ4212h8G1ol9QQluh5+0=
